{
    "_meta": {
        "hash": {
            "sha256": "659271338b463142ae6db212de4b2cc7fb030c29842dd366a7d812328b7ae9da"
        },
        "pipfile-spec": 6,
        "requires": {
            "python_version": "3.10"
        },
        "sources": [
            {
                "name": "pypi",
                "url": "https://pypi.org/simple",
                "verify_ssl": true
            },
            {
                "name": "pytorch_cpu",
                "url": "https://download.pytorch.org/whl/cpu/",
                "verify_ssl": true
            },
            {
                "name": "pytorch_cu116",
                "url": "https://download.pytorch.org/whl/cu116/",
                "verify_ssl": true
            }
        ]
    },
    "default": {
        "attrs": {
            "hashes": [
                "sha256:29e95c7f6778868dbd49170f98f8818f78f3dc5e0e37c0b1f474e3561b240836",
                "sha256:c9227bfc2f01993c03f68db37d1d15c9690188323c067c641f1a35ca58185f99"
            ],
            "markers": "python_version >= '3.6'",
            "version": "==22.2.0"
        },
        "autopep8": {
            "hashes": [
                "sha256:be5bc98c33515b67475420b7b1feafc8d32c1a69862498eda4983b45bffd2687",
                "sha256:d27a8929d8dcd21c0f4b3859d2d07c6c25273727b98afc984c039df0f0d86566"
            ],
            "markers": "python_version >= '3.6'",
            "version": "==2.0.1"
        },
        "exceptiongroup": {
            "hashes": [
                "sha256:327cbda3da756e2de031a3107b81ab7b3770a602c4d16ca618298c526f4bec1e",
                "sha256:bcb67d800a4497e1b404c2dd44fca47d3b7a5e5433dbab67f96c1a685cdfdf23"
            ],
            "markers": "python_version < '3.11'",
            "version": "==1.1.0"
        },
        "flake8": {
            "hashes": [
                "sha256:3833794e27ff64ea4e9cf5d410082a8b97ff1a06c16aa3d2027339cd0f1195c7",
                "sha256:c61007e76655af75e6785a931f452915b371dc48f56efd765247c8fe68f2b181"
            ],
            "markers": "python_full_version >= '3.8.1'",
            "version": "==6.0.0"
        },
        "gcd-data": {
            "editable": true,
            "path": "."
        },
        "iniconfig": {
            "hashes": [
                "sha256:2d91e135bf72d31a410b17c16da610a82cb55f6b0477d1a902134b24a455b8b3",
                "sha256:b6a85871a79d2e3b22d2d1b94ac2824226a63c6b741c88f7ae975f18b6778374"
            ],
            "markers": "python_version >= '3.7'",
            "version": "==2.0.0"
        },
        "mccabe": {
            "hashes": [
                "sha256:348e0240c33b60bbdf4e523192ef919f28cb2c3d7d5c7794f74009290f236325",
                "sha256:6c2d30ab6be0e4a46919781807b4f0d834ebdd6c6e3dca0bda5a15f863427b6e"
            ],
            "markers": "python_version >= '3.6'",
            "version": "==0.7.0"
        },
        "numpy": {
            "hashes": [
                "sha256:0044f7d944ee882400890f9ae955220d29b33d809a038923d88e4e01d652acd9",
                "sha256:0e3463e6ac25313462e04aea3fb8a0a30fb906d5d300f58b3bc2c23da6a15398",
                "sha256:179a7ef0889ab769cc03573b6217f54c8bd8e16cef80aad369e1e8185f994cd7",
                "sha256:2386da9a471cc00a1f47845e27d916d5ec5346ae9696e01a8a34760858fe9dd2",
                "sha256:26089487086f2648944f17adaa1a97ca6aee57f513ba5f1c0b7ebdabbe2b9954",
                "sha256:28bc9750ae1f75264ee0f10561709b1462d450a4808cd97c013046073ae64ab6",
                "sha256:28e418681372520c992805bb723e29d69d6b7aa411065f48216d8329d02ba032",
                "sha256:442feb5e5bada8408e8fcd43f3360b78683ff12a4444670a7d9e9824c1817d36",
                "sha256:6ec0c021cd9fe732e5bab6401adea5a409214ca5592cd92a114f7067febcba0c",
                "sha256:7094891dcf79ccc6bc2a1f30428fa5edb1e6fb955411ffff3401fb4ea93780a8",
                "sha256:84e789a085aabef2f36c0515f45e459f02f570c4b4c4c108ac1179c34d475ed7",
                "sha256:87a118968fba001b248aac90e502c0b13606721b1343cdaddbc6e552e8dfb56f",
                "sha256:8e669fbdcdd1e945691079c2cae335f3e3a56554e06bbd45d7609a6cf568c700",
                "sha256:ad2925567f43643f51255220424c23d204024ed428afc5aad0f86f3ffc080086",
                "sha256:b0677a52f5d896e84414761531947c7a330d1adc07c3a4372262f25d84af7bf7",
                "sha256:b07b40f5fb4fa034120a5796288f24c1fe0e0580bbfff99897ba6267af42def2",
                "sha256:b09804ff570b907da323b3d762e74432fb07955701b17b08ff1b5ebaa8cfe6a9",
                "sha256:b162ac10ca38850510caf8ea33f89edcb7b0bb0dfa5592d59909419986b72407",
                "sha256:b31da69ed0c18be8b77bfce48d234e55d040793cebb25398e2a7d84199fbc7e2",
                "sha256:caf65a396c0d1f9809596be2e444e3bd4190d86d5c1ce21f5fc4be60a3bc5b36",
                "sha256:cfa1161c6ac8f92dea03d625c2d0c05e084668f4a06568b77a25a89111621566",
                "sha256:dae46bed2cb79a58d6496ff6d8da1e3b95ba09afeca2e277628171ca99b99db1",
                "sha256:ddc7ab52b322eb1e40521eb422c4e0a20716c271a306860979d450decbb51b8e",
                "sha256:de92efa737875329b052982e37bd4371d52cabf469f83e7b8be9bb7752d67e51",
                "sha256:e274f0f6c7efd0d577744f52032fdd24344f11c5ae668fe8d01aac0422611df1",
                "sha256:ed5fb71d79e771ec930566fae9c02626b939e37271ec285e9efaf1b5d4370e7d",
                "sha256:ef85cf1f693c88c1fd229ccd1055570cb41cdf4875873b7728b6301f12cd05bf",
                "sha256:f1b739841821968798947d3afcefd386fa56da0caf97722a5de53e07c4ccedc7"
            ],
            "markers": "python_version >= '3.8'",
            "version": "==1.24.1"
        },
        "packaging": {
            "hashes": [
                "sha256:714ac14496c3e68c99c29b00845f7a2b85f3bb6f1078fd9f72fd20f0570002b2",
                "sha256:b6ad297f8907de0fa2fe1ccbd26fdaf387f5f47c7275fedf8cce89f99446cf97"
            ],
            "markers": "python_version >= '3.7'",
            "version": "==23.0"
        },
        "pandas": {
            "hashes": [
                "sha256:0183cb04a057cc38fde5244909fca9826d5d57c4a5b7390c0cc3fa7acd9fa883",
                "sha256:1fc87eac0541a7d24648a001d553406f4256e744d92df1df8ebe41829a915028",
                "sha256:220b98d15cee0b2cd839a6358bd1f273d0356bf964c1a1aeb32d47db0215488b",
                "sha256:2552bffc808641c6eb471e55aa6899fa002ac94e4eebfa9ec058649122db5824",
                "sha256:315e19a3e5c2ab47a67467fc0362cb36c7c60a93b6457f675d7d9615edad2ebe",
                "sha256:344021ed3e639e017b452aa8f5f6bf38a8806f5852e217a7594417fb9bbfa00e",
                "sha256:375262829c8c700c3e7cbb336810b94367b9c4889818bbd910d0ecb4e45dc261",
                "sha256:457d8c3d42314ff47cc2d6c54f8fc0d23954b47977b2caed09cd9635cb75388b",
                "sha256:4aed257c7484d01c9a194d9a94758b37d3d751849c05a0050c087a358c41ad1f",
                "sha256:530948945e7b6c95e6fa7aa4be2be25764af53fba93fe76d912e35d1c9ee46f5",
                "sha256:5ae7e989f12628f41e804847a8cc2943d362440132919a69429d4dea1f164da0",
                "sha256:71f510b0efe1629bf2f7c0eadb1ff0b9cf611e87b73cd017e6b7d6adb40e2b3a",
                "sha256:73f219fdc1777cf3c45fde7f0708732ec6950dfc598afc50588d0d285fddaefc",
                "sha256:8092a368d3eb7116e270525329a3e5c15ae796ccdf7ccb17839a73b4f5084a39",
                "sha256:82ae615826da838a8e5d4d630eb70c993ab8636f0eff13cb28aafc4291b632b5",
                "sha256:9608000a5a45f663be6af5c70c3cbe634fa19243e720eb380c0d378666bc7702",
                "sha256:a40dd1e9f22e01e66ed534d6a965eb99546b41d4d52dbdb66565608fde48203f",
                "sha256:b4f5a82afa4f1ff482ab8ded2ae8a453a2cdfde2001567b3ca24a4c5c5ca0db3",
                "sha256:c009a92e81ce836212ce7aa98b219db7961a8b95999b97af566b8dc8c33e9519",
                "sha256:c218796d59d5abd8780170c937b812c9637e84c32f8271bbf9845970f8c1351f",
                "sha256:cc3cd122bea268998b79adebbb8343b735a5511ec14efb70a39e7acbc11ccbdc",
                "sha256:d0d8fd58df5d17ddb8c72a5075d87cd80d71b542571b5f78178fb067fa4e9c72",
                "sha256:e18bc3764cbb5e118be139b3b611bc3fbc5d3be42a7e827d1096f46087b395eb",
                "sha256:e2b83abd292194f350bb04e188f9379d36b8dfac24dd445d5c87575f3beaf789",
                "sha256:e7469271497960b6a781eaa930cba8af400dd59b62ec9ca2f4d31a19f2f91090",
                "sha256:e9dbacd22555c2d47f262ef96bb4e30880e5956169741400af8b306bbb24a273",
                "sha256:f6257b314fc14958f8122779e5a1557517b0f8e500cfb2bd53fa1f75a8ad0af2"
            ],
            "markers": "python_version >= '3.8'",
            "version": "==1.5.2"
        },
        "pep8-naming": {
            "hashes": [
                "sha256:1705f046dfcd851378aac3be1cd1551c7c1e5ff363bacad707d43007877fa971",
                "sha256:1a86b8c71a03337c97181917e2b472f0f5e4ccb06844a0d6f0a33522549e7a80"
            ],
            "markers": "python_version >= '3.7'",
            "version": "==0.13.3"
        },
        "pluggy": {
            "hashes": [
                "sha256:4224373bacce55f955a878bf9cfa763c1e360858e330072059e10bad68531159",
                "sha256:74134bbf457f031a36d68416e1509f34bd5ccc019f0bcc952c7b909d06b37bd3"
            ],
            "markers": "python_version >= '3.6'",
            "version": "==1.0.0"
        },
        "polycraft-nov-data": {
            "editable": true,
            "path": "./submodules/polycraft-novelty-data"
        },
        "pycodestyle": {
            "hashes": [
                "sha256:347187bdb476329d98f695c213d7295a846d1152ff4fe9bacb8a9590b8ee7053",
                "sha256:8a4eaf0d0495c7395bdab3589ac2db602797d76207242c17d470186815706610"
            ],
            "markers": "python_version >= '3.6'",
            "version": "==2.10.0"
        },
        "pyflakes": {
            "hashes": [
                "sha256:ec55bf7fe21fff7f1ad2f7da62363d749e2a470500eab1b555334b67aa1ef8cf",
                "sha256:ec8b276a6b60bd80defed25add7e439881c19e64850afd9b346283d4165fd0fd"
            ],
            "markers": "python_version >= '3.6'",
            "version": "==3.0.1"
        },
        "pytest": {
            "hashes": [
                "sha256:892f933d339f068883b6fd5a459f03d85bfcb355e4981e146d2c7616c21fef71",
                "sha256:c4014eb40e10f11f355ad4e3c2fb2c6c6d1919c73f3b5a433de4708202cade59"
            ],
            "markers": "python_version >= '3.7'",
            "version": "==7.2.0"
        },
        "python-dateutil": {
            "hashes": [
                "sha256:0123cacc1627ae19ddf3c27a5de5bd67ee4586fbdd6440d9748f8abb483d3e86",
                "sha256:961d03dc3453ebbc59dbdea9e4e11c5651520a876d0f4db161e8674aae935da9"
            ],
            "markers": "python_version >= '2.7' and python_version not in '3.0, 3.1, 3.2, 3.3'",
            "version": "==2.8.2"
        },
        "pytz": {
            "hashes": [
                "sha256:7ccfae7b4b2c067464a6733c6261673fdb8fd1be905460396b97a073e9fa683a",
                "sha256:93007def75ae22f7cd991c84e02d434876818661f8df9ad5df9e950ff4e52cfd"
            ],
            "version": "==2022.7"
        },
        "scipy": {
            "hashes": [
                "sha256:0490dc499fe23e4be35b8b6dd1e60a4a34f0c4adb30ac671e6332446b3cbbb5a",
                "sha256:0ab2a58064836632e2cec31ca197d3695c86b066bc4818052b3f5381bfd2a728",
                "sha256:151f066fe7d6653c3ffefd489497b8fa66d7316e3e0d0c0f7ff6acca1b802809",
                "sha256:16ba05d3d1b9f2141004f3f36888e05894a525960b07f4c2bfc0456b955a00be",
                "sha256:27e548276b5a88b51212b61f6dda49a24acf5d770dff940bd372b3f7ced8c6c2",
                "sha256:2ad449db4e0820e4b42baccefc98ec772ad7818dcbc9e28b85aa05a536b0f1a2",
                "sha256:2f9ea0a37aca111a407cb98aa4e8dfde6e5d9333bae06dfa5d938d14c80bb5c3",
                "sha256:38bfbd18dcc69eeb589811e77fae552fa923067fdfbb2e171c9eac749885f210",
                "sha256:3afcbddb4488ac950ce1147e7580178b333a29cd43524c689b2e3543a080a2c8",
                "sha256:42ab8b9e7dc1ebe248e55f54eea5307b6ab15011a7883367af48dd781d1312e4",
                "sha256:441cab2166607c82e6d7a8683779cb89ba0f475b983c7e4ab88f3668e268c143",
                "sha256:4bd0e3278126bc882d10414436e58fa3f1eca0aa88b534fcbf80ed47e854f46c",
                "sha256:4df25a28bd22c990b22129d3c637fd5c3be4b7c94f975dca909d8bab3309b694",
                "sha256:5cd7a30970c29d9768a7164f564d1fbf2842bfc77b7d114a99bc32703ce0bf48",
                "sha256:6e4497e5142f325a5423ff5fda2fff5b5d953da028637ff7c704378c8c284ea7",
                "sha256:6faf86ef7717891195ae0537e48da7524d30bc3b828b30c9b115d04ea42f076f",
                "sha256:954ff69d2d1bf666b794c1d7216e0a746c9d9289096a64ab3355a17c7c59db54",
                "sha256:9b878c671655864af59c108c20e4da1e796154bd78c0ed6bb02bc41c84625686",
                "sha256:b901b423c91281a974f6cd1c36f5c6c523e665b5a6d5e80fcb2334e14670eefd",
                "sha256:c8b3cbc636a87a89b770c6afc999baa6bcbb01691b5ccbbc1b1791c7c0a07540",
                "sha256:e096b062d2efdea57f972d232358cb068413dc54eec4f24158bcbb5cb8bddfd8"
            ],
            "markers": "python_version < '3.12' and python_version >= '3.8'",
            "version": "==1.10.0"
        },
        "setuptools": {
            "hashes": [
                "sha256:57f6f22bde4e042978bcd50176fdb381d7c21a9efa4041202288d3737a0c6a54",
                "sha256:a7620757bf984b58deaf32fc8a4577a9bbc0850cf92c20e1ce41c38c19e5fb75"
            ],
            "markers": "python_version >= '3.7'",
            "version": "==65.6.3"
        },
        "six": {
            "hashes": [
                "sha256:1e61c37477a1626458e36f7b1d82aa5c9b094fa4802892072e49de9c60c4c926",
                "sha256:8abb2f1d86890a2dfb989f9a77cfcfd3e47c2a354b01111771326f8aa26e0254"
            ],
            "markers": "python_version >= '2.7' and python_version not in '3.0, 3.1, 3.2, 3.3'",
            "version": "==1.16.0"
        },
        "tomli": {
            "hashes": [
                "sha256:939de3e7a6161af0c887ef91b7d41a53e7c5a1ca976325f429cb46ea9bc30ecc",
                "sha256:de526c12914f0c550d15924c62d72abc48d6fe7364aa87328337a31007fe8a4f"
            ],
            "markers": "python_version < '3.11'",
            "version": "==2.0.1"
        }
    },
    "develop": {},
    "torch_cpu": {
        "certifi": {
            "hashes": [
                "sha256:35824b4c3a97115964b408844d64aa14db1cc518f6562e8d7261699d1350a9e3",
                "sha256:4ad3232f5e926d6718ec31cfc1fcadfde020920e278684144551c91769c7bc18"
            ],
            "markers": "python_version >= '3.6'",
            "version": "==2022.12.7"
        },
        "charset-normalizer": {
            "hashes": [
                "sha256:5a3d016c7c547f69d6f81fb0db9449ce888b418b5b9952cc5e6e66843e9dd845",
                "sha256:83e9a75d1911279afd89352c68b45348559d1fc0506b054b346651b5e7fee29f"
            ],
            "markers": "python_full_version >= '3.6.0'",
            "version": "==2.1.1"
        },
        "idna": {
            "hashes": [
                "sha256:814f528e8dead7d329833b91c5faa87d60bf71824cd12a7530b5526063d02cb4",
                "sha256:90b77e79eaa3eba6de819a0c442c0b4ceefc341a7a2ab77d7562bf49f425c5c2"
            ],
            "markers": "python_version >= '3.5'",
            "version": "==3.4"
        },
        "numpy": {
            "hashes": [
                "sha256:0044f7d944ee882400890f9ae955220d29b33d809a038923d88e4e01d652acd9",
                "sha256:0e3463e6ac25313462e04aea3fb8a0a30fb906d5d300f58b3bc2c23da6a15398",
                "sha256:179a7ef0889ab769cc03573b6217f54c8bd8e16cef80aad369e1e8185f994cd7",
                "sha256:2386da9a471cc00a1f47845e27d916d5ec5346ae9696e01a8a34760858fe9dd2",
                "sha256:26089487086f2648944f17adaa1a97ca6aee57f513ba5f1c0b7ebdabbe2b9954",
                "sha256:28bc9750ae1f75264ee0f10561709b1462d450a4808cd97c013046073ae64ab6",
                "sha256:28e418681372520c992805bb723e29d69d6b7aa411065f48216d8329d02ba032",
                "sha256:442feb5e5bada8408e8fcd43f3360b78683ff12a4444670a7d9e9824c1817d36",
                "sha256:6ec0c021cd9fe732e5bab6401adea5a409214ca5592cd92a114f7067febcba0c",
                "sha256:7094891dcf79ccc6bc2a1f30428fa5edb1e6fb955411ffff3401fb4ea93780a8",
                "sha256:84e789a085aabef2f36c0515f45e459f02f570c4b4c4c108ac1179c34d475ed7",
                "sha256:87a118968fba001b248aac90e502c0b13606721b1343cdaddbc6e552e8dfb56f",
                "sha256:8e669fbdcdd1e945691079c2cae335f3e3a56554e06bbd45d7609a6cf568c700",
                "sha256:ad2925567f43643f51255220424c23d204024ed428afc5aad0f86f3ffc080086",
                "sha256:b0677a52f5d896e84414761531947c7a330d1adc07c3a4372262f25d84af7bf7",
                "sha256:b07b40f5fb4fa034120a5796288f24c1fe0e0580bbfff99897ba6267af42def2",
                "sha256:b09804ff570b907da323b3d762e74432fb07955701b17b08ff1b5ebaa8cfe6a9",
                "sha256:b162ac10ca38850510caf8ea33f89edcb7b0bb0dfa5592d59909419986b72407",
                "sha256:b31da69ed0c18be8b77bfce48d234e55d040793cebb25398e2a7d84199fbc7e2",
                "sha256:caf65a396c0d1f9809596be2e444e3bd4190d86d5c1ce21f5fc4be60a3bc5b36",
                "sha256:cfa1161c6ac8f92dea03d625c2d0c05e084668f4a06568b77a25a89111621566",
                "sha256:dae46bed2cb79a58d6496ff6d8da1e3b95ba09afeca2e277628171ca99b99db1",
                "sha256:ddc7ab52b322eb1e40521eb422c4e0a20716c271a306860979d450decbb51b8e",
                "sha256:de92efa737875329b052982e37bd4371d52cabf469f83e7b8be9bb7752d67e51",
                "sha256:e274f0f6c7efd0d577744f52032fdd24344f11c5ae668fe8d01aac0422611df1",
                "sha256:ed5fb71d79e771ec930566fae9c02626b939e37271ec285e9efaf1b5d4370e7d",
                "sha256:ef85cf1f693c88c1fd229ccd1055570cb41cdf4875873b7728b6301f12cd05bf",
                "sha256:f1b739841821968798947d3afcefd386fa56da0caf97722a5de53e07c4ccedc7"
            ],
            "markers": "python_version >= '3.8'",
            "version": "==1.24.1"
        },
        "pillow": {
            "hashes": [
                "sha256:0845adc64fe9886db00f5ab68c4a8cd933ab749a87747555cec1c95acea64b0b",
                "sha256:0884ba7b515163a1a05440a138adeb722b8a6ae2c2b33aea93ea3118dd3a899e",
                "sha256:09b89ddc95c248ee788328528e6a2996e09eaccddeeb82a5356e92645733be35",
                "sha256:0dd4c681b82214b36273c18ca7ee87065a50e013112eea7d78c7a1b89a739153",
                "sha256:0e51f608da093e5d9038c592b5b575cadc12fd748af1479b5e858045fff955a9",
                "sha256:0f3269304c1a7ce82f1759c12ce731ef9b6e95b6df829dccd9fe42912cc48569",
                "sha256:16a8df99701f9095bea8a6c4b3197da105df6f74e6176c5b410bc2df2fd29a57",
                "sha256:19005a8e58b7c1796bc0167862b1f54a64d3b44ee5d48152b06bb861458bc0f8",
                "sha256:1b4b4e9dda4f4e4c4e6896f93e84a8f0bcca3b059de9ddf67dac3c334b1195e1",
                "sha256:28676836c7796805914b76b1837a40f76827ee0d5398f72f7dcc634bae7c6264",
                "sha256:2968c58feca624bb6c8502f9564dd187d0e1389964898f5e9e1fbc8533169157",
                "sha256:3f4cc516e0b264c8d4ccd6b6cbc69a07c6d582d8337df79be1e15a5056b258c9",
                "sha256:3fa1284762aacca6dc97474ee9c16f83990b8eeb6697f2ba17140d54b453e133",
                "sha256:43521ce2c4b865d385e78579a082b6ad1166ebed2b1a2293c3be1d68dd7ca3b9",
                "sha256:451f10ef963918e65b8869e17d67db5e2f4ab40e716ee6ce7129b0cde2876eab",
                "sha256:46c259e87199041583658457372a183636ae8cd56dbf3f0755e0f376a7f9d0e6",
                "sha256:46f39cab8bbf4a384ba7cb0bc8bae7b7062b6a11cfac1ca4bc144dea90d4a9f5",
                "sha256:519e14e2c49fcf7616d6d2cfc5c70adae95682ae20f0395e9280db85e8d6c4df",
                "sha256:53dcb50fbdc3fb2c55431a9b30caeb2f7027fcd2aeb501459464f0214200a503",
                "sha256:54614444887e0d3043557d9dbc697dbb16cfb5a35d672b7a0fcc1ed0cf1c600b",
                "sha256:575d8912dca808edd9acd6f7795199332696d3469665ef26163cd090fa1f8bfa",
                "sha256:5dd5a9c3091a0f414a963d427f920368e2b6a4c2f7527fdd82cde8ef0bc7a327",
                "sha256:5f532a2ad4d174eb73494e7397988e22bf427f91acc8e6ebf5bb10597b49c493",
                "sha256:60e7da3a3ad1812c128750fc1bc14a7ceeb8d29f77e0a2356a8fb2aa8925287d",
                "sha256:653d7fb2df65efefbcbf81ef5fe5e5be931f1ee4332c2893ca638c9b11a409c4",
                "sha256:6663977496d616b618b6cfa43ec86e479ee62b942e1da76a2c3daa1c75933ef4",
                "sha256:6abfb51a82e919e3933eb137e17c4ae9c0475a25508ea88993bb59faf82f3b35",
                "sha256:6c6b1389ed66cdd174d040105123a5a1bc91d0aa7059c7261d20e583b6d8cbd2",
                "sha256:6d9dfb9959a3b0039ee06c1a1a90dc23bac3b430842dcb97908ddde05870601c",
                "sha256:765cb54c0b8724a7c12c55146ae4647e0274a839fb6de7bcba841e04298e1011",
                "sha256:7a21222644ab69ddd9967cfe6f2bb420b460dae4289c9d40ff9a4896e7c35c9a",
                "sha256:7ac7594397698f77bce84382929747130765f66406dc2cd8b4ab4da68ade4c6e",
                "sha256:7cfc287da09f9d2a7ec146ee4d72d6ea1342e770d975e49a8621bf54eaa8f30f",
                "sha256:847b114580c5cc9ebaf216dd8c8dbc6b00a3b7ab0131e173d7120e6deade1f57",
                "sha256:8f127e7b028900421cad64f51f75c051b628db17fb00e099eb148761eed598c9",
                "sha256:94cdff45173b1919350601f82d61365e792895e3c3a3443cf99819e6fbf717a5",
                "sha256:9a3049a10261d7f2b6514d35bbb7a4dfc3ece4c4de14ef5876c4b7a23a0e566d",
                "sha256:a1c2d7780448eb93fbcc3789bf3916aa5720d942e37945f4056680317f1cd23e",
                "sha256:a2e0f87144fcbbe54297cae708c5e7f9da21a4646523456b00cc956bd4c65815",
                "sha256:a4dfdae195335abb4e89cc9762b2edc524f3c6e80d647a9a81bf81e17e3fb6f0",
                "sha256:a96e6e23f2b79433390273eaf8cc94fec9c6370842e577ab10dabdcc7ea0a66b",
                "sha256:aabdab8ec1e7ca7f1434d042bf8b1e92056245fb179790dc97ed040361f16bfd",
                "sha256:b222090c455d6d1a64e6b7bb5f4035c4dff479e22455c9eaa1bdd4c75b52c80c",
                "sha256:b52ff4f4e002f828ea6483faf4c4e8deea8d743cf801b74910243c58acc6eda3",
                "sha256:b70756ec9417c34e097f987b4d8c510975216ad26ba6e57ccb53bc758f490dab",
                "sha256:b8c2f6eb0df979ee99433d8b3f6d193d9590f735cf12274c108bd954e30ca858",
                "sha256:b9b752ab91e78234941e44abdecc07f1f0d8f51fb62941d32995b8161f68cfe5",
                "sha256:ba6612b6548220ff5e9df85261bddc811a057b0b465a1226b39bfb8550616aee",
                "sha256:bd752c5ff1b4a870b7661234694f24b1d2b9076b8bf337321a814c612665f343",
                "sha256:c3c4ed2ff6760e98d262e0cc9c9a7f7b8a9f61aa4d47c58835cdaf7b0b8811bb",
                "sha256:c5c1362c14aee73f50143d74389b2c158707b4abce2cb055b7ad37ce60738d47",
                "sha256:cb362e3b0976dc994857391b776ddaa8c13c28a16f80ac6522c23d5257156bed",
                "sha256:d197df5489004db87d90b918033edbeee0bd6df3848a204bca3ff0a903bef837",
                "sha256:d3b56206244dc8711f7e8b7d6cad4663917cd5b2d950799425076681e8766286",
                "sha256:d5b2f8a31bd43e0f18172d8ac82347c8f37ef3e0b414431157718aa234991b28",
                "sha256:d7081c084ceb58278dd3cf81f836bc818978c0ccc770cbbb202125ddabec6628",
                "sha256:db74f5562c09953b2c5f8ec4b7dfd3f5421f31811e97d1dbc0a7c93d6e3a24df",
                "sha256:df41112ccce5d47770a0c13651479fbcd8793f34232a2dd9faeccb75eb5d0d0d",
                "sha256:e1339790c083c5a4de48f688b4841f18df839eb3c9584a770cbd818b33e26d5d",
                "sha256:e621b0246192d3b9cb1dc62c78cfa4c6f6d2ddc0ec207d43c0dedecb914f152a",
                "sha256:e8c5cf126889a4de385c02a2c3d3aba4b00f70234bfddae82a5eaa3ee6d5e3e6",
                "sha256:e9d7747847c53a16a729b6ee5e737cf170f7a16611c143d95aa60a109a59c336",
                "sha256:eaef5d2de3c7e9b21f1e762f289d17b726c2239a42b11e25446abf82b26ac132",
                "sha256:ed3e4b4e1e6de75fdc16d3259098de7c6571b1a6cc863b1a49e7d3d53e036070",
                "sha256:ef21af928e807f10bf4141cad4746eee692a0dd3ff56cfb25fce076ec3cc8abe",
                "sha256:f09598b416ba39a8f489c124447b007fe865f786a89dbfa48bb5cf395693132a",
                "sha256:f0caf4a5dcf610d96c3bd32932bfac8aee61c96e60481c2a0ea58da435e25acd",
                "sha256:f6e78171be3fb7941f9910ea15b4b14ec27725865a73c15277bc39f5ca4f8391",
                "sha256:f715c32e774a60a337b2bb8ad9839b4abf75b267a0f18806f6f4f5f1688c4b5a",
                "sha256:fb5c1ad6bad98c57482236a21bf985ab0ef42bd51f7ad4e4538e89a997624e12"
            ],
            "markers": "python_version >= '3.7'",
            "version": "==9.4.0"
        },
        "requests": {
            "hashes": [
                "sha256:7c5599b102feddaa661c826c56ab4fee28bfd17f5abca1ebbe3e7f19d7c97983",
                "sha256:8fefa2a1a1365bf5520aac41836fbee479da67864514bdb821f31ce07ce65349"
            ],
            "markers": "python_version >= '3.7' and python_version < '4'",
            "version": "==2.28.1"
        },
        "torch": {
            "hashes": [
                "sha256:02e387834a3489396f1871f83f7a795610d09ef3da01aa431493b08eac5c6666",
                "sha256:11692523b87c45b79ddfb5148b12a713d85235d399915490d94e079521f7e014",
                "sha256:207ab3700cd9c4349f4fd1892597eb3d385eb78221c0f2974ec54b8ea903aa00",
                "sha256:2dd7e5f584c7ea5d8f038fd1fa40465785f797df0c7d06c432f5e72d9817115a",
                "sha256:43394e66487543c112044194e9bdecc6f48c869d692a9d0c755b95d642b29535",
                "sha256:4a8b84834eb12b3428c24e9f264c9bd6a2cf449fffc191374e7dbb2b950fc6d7",
                "sha256:71636a5c21927236f4974d2355fb3f66a0b707c28219b0135ff65ed0f0e61287",
                "sha256:988ee77c0975b4c3f570dfc62277b1e300bbbe7cc000ce2720e2e8c730fb9ce5",
                "sha256:dc185f2fdbb1f84855929d3ba7b36c74f218789d26a0e0268cb0586d466c8c24"
            ],
            "index": "pytorch_cpu",
            "version": "==1.13.1+cpu"
        },
        "torchvision": {
            "hashes": [
                "sha256:2b58261a4270b173d43ff23344589f3a3a4087d33818bc991ff86e3df4a83d24",
                "sha256:46ff03ec16b49a6031714e98b1321a18ce789d8440a5073981e83b470a0484d1",
                "sha256:5d2b67028e2782e60fd667a8e95f071bf612282411cba7ae88720213c58a651a",
                "sha256:6b40d371b80f16809ad5ced2fd8fd327c7a403a079eaa654c9da50bfaef73f78",
                "sha256:9191ce52974a6be4f2f75a23d9c96371ac3025448dfd48ee0d2a553316944c4c",
                "sha256:a49c36369b48720304cda4085bba4a05b42ff295400feae89e0ee8683051f923",
                "sha256:bbc7c59733beb0236e5b489d34ba7d080d8c483be9e84bd6f5020c7d038ac751",
                "sha256:cc1466848e58873135afdda4f1c6432a5fd4bf4fb2a00886e9fb496a3004674b"
            ],
            "index": "pytorch_cpu",
            "version": "==0.14.1+cpu"
        },
        "typing-extensions": {
            "hashes": [
                "sha256:1511434bb92bf8dd198c12b1cc812e800d4181cfcb867674e0f8279cc93087aa",
                "sha256:16fa4864408f655d35ec496218b85f79b3437c829e93320c7c9215ccfd92489e"
            ],
            "markers": "python_version >= '3.7'",
            "version": "==4.4.0"
        },
        "urllib3": {
            "hashes": [
                "sha256:47cc05d99aaa09c9e72ed5809b60e7ba354e64b59c9c173ac3018642d8bb41fc",
                "sha256:c083dd0dce68dbfbe1129d5271cb90f9447dea7d52097c6e0126120c521ddea8"
            ],
            "markers": "python_version >= '2.7' and python_version not in '3.0, 3.1, 3.2, 3.3, 3.4, 3.5'",
            "version": "==1.26.13"
        }
    },
    "torch_cu116": {
        "certifi": {
            "hashes": [
                "sha256:35824b4c3a97115964b408844d64aa14db1cc518f6562e8d7261699d1350a9e3",
                "sha256:4ad3232f5e926d6718ec31cfc1fcadfde020920e278684144551c91769c7bc18"
            ],
            "markers": "python_version >= '3.6'",
            "version": "==2022.12.7"
        },
        "charset-normalizer": {
            "hashes": [
                "sha256:5a3d016c7c547f69d6f81fb0db9449ce888b418b5b9952cc5e6e66843e9dd845",
                "sha256:83e9a75d1911279afd89352c68b45348559d1fc0506b054b346651b5e7fee29f"
            ],
            "markers": "python_full_version >= '3.6.0'",
            "version": "==2.1.1"
        },
        "idna": {
            "hashes": [
                "sha256:814f528e8dead7d329833b91c5faa87d60bf71824cd12a7530b5526063d02cb4",
                "sha256:90b77e79eaa3eba6de819a0c442c0b4ceefc341a7a2ab77d7562bf49f425c5c2"
            ],
            "markers": "python_version >= '3.5'",
            "version": "==3.4"
        },
        "numpy": {
            "hashes": [
                "sha256:0044f7d944ee882400890f9ae955220d29b33d809a038923d88e4e01d652acd9",
                "sha256:0e3463e6ac25313462e04aea3fb8a0a30fb906d5d300f58b3bc2c23da6a15398",
                "sha256:179a7ef0889ab769cc03573b6217f54c8bd8e16cef80aad369e1e8185f994cd7",
                "sha256:2386da9a471cc00a1f47845e27d916d5ec5346ae9696e01a8a34760858fe9dd2",
                "sha256:26089487086f2648944f17adaa1a97ca6aee57f513ba5f1c0b7ebdabbe2b9954",
                "sha256:28bc9750ae1f75264ee0f10561709b1462d450a4808cd97c013046073ae64ab6",
                "sha256:28e418681372520c992805bb723e29d69d6b7aa411065f48216d8329d02ba032",
                "sha256:442feb5e5bada8408e8fcd43f3360b78683ff12a4444670a7d9e9824c1817d36",
                "sha256:6ec0c021cd9fe732e5bab6401adea5a409214ca5592cd92a114f7067febcba0c",
                "sha256:7094891dcf79ccc6bc2a1f30428fa5edb1e6fb955411ffff3401fb4ea93780a8",
                "sha256:84e789a085aabef2f36c0515f45e459f02f570c4b4c4c108ac1179c34d475ed7",
                "sha256:87a118968fba001b248aac90e502c0b13606721b1343cdaddbc6e552e8dfb56f",
                "sha256:8e669fbdcdd1e945691079c2cae335f3e3a56554e06bbd45d7609a6cf568c700",
                "sha256:ad2925567f43643f51255220424c23d204024ed428afc5aad0f86f3ffc080086",
                "sha256:b0677a52f5d896e84414761531947c7a330d1adc07c3a4372262f25d84af7bf7",
                "sha256:b07b40f5fb4fa034120a5796288f24c1fe0e0580bbfff99897ba6267af42def2",
                "sha256:b09804ff570b907da323b3d762e74432fb07955701b17b08ff1b5ebaa8cfe6a9",
                "sha256:b162ac10ca38850510caf8ea33f89edcb7b0bb0dfa5592d59909419986b72407",
                "sha256:b31da69ed0c18be8b77bfce48d234e55d040793cebb25398e2a7d84199fbc7e2",
                "sha256:caf65a396c0d1f9809596be2e444e3bd4190d86d5c1ce21f5fc4be60a3bc5b36",
                "sha256:cfa1161c6ac8f92dea03d625c2d0c05e084668f4a06568b77a25a89111621566",
                "sha256:dae46bed2cb79a58d6496ff6d8da1e3b95ba09afeca2e277628171ca99b99db1",
                "sha256:ddc7ab52b322eb1e40521eb422c4e0a20716c271a306860979d450decbb51b8e",
                "sha256:de92efa737875329b052982e37bd4371d52cabf469f83e7b8be9bb7752d67e51",
                "sha256:e274f0f6c7efd0d577744f52032fdd24344f11c5ae668fe8d01aac0422611df1",
                "sha256:ed5fb71d79e771ec930566fae9c02626b939e37271ec285e9efaf1b5d4370e7d",
                "sha256:ef85cf1f693c88c1fd229ccd1055570cb41cdf4875873b7728b6301f12cd05bf",
                "sha256:f1b739841821968798947d3afcefd386fa56da0caf97722a5de53e07c4ccedc7"
            ],
            "markers": "python_version >= '3.8'",
            "version": "==1.24.1"
        },
        "pillow": {
            "hashes": [
                "sha256:0845adc64fe9886db00f5ab68c4a8cd933ab749a87747555cec1c95acea64b0b",
                "sha256:0884ba7b515163a1a05440a138adeb722b8a6ae2c2b33aea93ea3118dd3a899e",
                "sha256:09b89ddc95c248ee788328528e6a2996e09eaccddeeb82a5356e92645733be35",
                "sha256:0dd4c681b82214b36273c18ca7ee87065a50e013112eea7d78c7a1b89a739153",
                "sha256:0e51f608da093e5d9038c592b5b575cadc12fd748af1479b5e858045fff955a9",
                "sha256:0f3269304c1a7ce82f1759c12ce731ef9b6e95b6df829dccd9fe42912cc48569",
                "sha256:16a8df99701f9095bea8a6c4b3197da105df6f74e6176c5b410bc2df2fd29a57",
                "sha256:19005a8e58b7c1796bc0167862b1f54a64d3b44ee5d48152b06bb861458bc0f8",
                "sha256:1b4b4e9dda4f4e4c4e6896f93e84a8f0bcca3b059de9ddf67dac3c334b1195e1",
                "sha256:28676836c7796805914b76b1837a40f76827ee0d5398f72f7dcc634bae7c6264",
                "sha256:2968c58feca624bb6c8502f9564dd187d0e1389964898f5e9e1fbc8533169157",
                "sha256:3f4cc516e0b264c8d4ccd6b6cbc69a07c6d582d8337df79be1e15a5056b258c9",
                "sha256:3fa1284762aacca6dc97474ee9c16f83990b8eeb6697f2ba17140d54b453e133",
                "sha256:43521ce2c4b865d385e78579a082b6ad1166ebed2b1a2293c3be1d68dd7ca3b9",
                "sha256:451f10ef963918e65b8869e17d67db5e2f4ab40e716ee6ce7129b0cde2876eab",
                "sha256:46c259e87199041583658457372a183636ae8cd56dbf3f0755e0f376a7f9d0e6",
                "sha256:46f39cab8bbf4a384ba7cb0bc8bae7b7062b6a11cfac1ca4bc144dea90d4a9f5",
                "sha256:519e14e2c49fcf7616d6d2cfc5c70adae95682ae20f0395e9280db85e8d6c4df",
                "sha256:53dcb50fbdc3fb2c55431a9b30caeb2f7027fcd2aeb501459464f0214200a503",
                "sha256:54614444887e0d3043557d9dbc697dbb16cfb5a35d672b7a0fcc1ed0cf1c600b",
                "sha256:575d8912dca808edd9acd6f7795199332696d3469665ef26163cd090fa1f8bfa",
                "sha256:5dd5a9c3091a0f414a963d427f920368e2b6a4c2f7527fdd82cde8ef0bc7a327",
                "sha256:5f532a2ad4d174eb73494e7397988e22bf427f91acc8e6ebf5bb10597b49c493",
                "sha256:60e7da3a3ad1812c128750fc1bc14a7ceeb8d29f77e0a2356a8fb2aa8925287d",
                "sha256:653d7fb2df65efefbcbf81ef5fe5e5be931f1ee4332c2893ca638c9b11a409c4",
                "sha256:6663977496d616b618b6cfa43ec86e479ee62b942e1da76a2c3daa1c75933ef4",
                "sha256:6abfb51a82e919e3933eb137e17c4ae9c0475a25508ea88993bb59faf82f3b35",
                "sha256:6c6b1389ed66cdd174d040105123a5a1bc91d0aa7059c7261d20e583b6d8cbd2",
                "sha256:6d9dfb9959a3b0039ee06c1a1a90dc23bac3b430842dcb97908ddde05870601c",
                "sha256:765cb54c0b8724a7c12c55146ae4647e0274a839fb6de7bcba841e04298e1011",
                "sha256:7a21222644ab69ddd9967cfe6f2bb420b460dae4289c9d40ff9a4896e7c35c9a",
                "sha256:7ac7594397698f77bce84382929747130765f66406dc2cd8b4ab4da68ade4c6e",
                "sha256:7cfc287da09f9d2a7ec146ee4d72d6ea1342e770d975e49a8621bf54eaa8f30f",
                "sha256:847b114580c5cc9ebaf216dd8c8dbc6b00a3b7ab0131e173d7120e6deade1f57",
                "sha256:8f127e7b028900421cad64f51f75c051b628db17fb00e099eb148761eed598c9",
                "sha256:94cdff45173b1919350601f82d61365e792895e3c3a3443cf99819e6fbf717a5",
                "sha256:9a3049a10261d7f2b6514d35bbb7a4dfc3ece4c4de14ef5876c4b7a23a0e566d",
                "sha256:a1c2d7780448eb93fbcc3789bf3916aa5720d942e37945f4056680317f1cd23e",
                "sha256:a2e0f87144fcbbe54297cae708c5e7f9da21a4646523456b00cc956bd4c65815",
                "sha256:a4dfdae195335abb4e89cc9762b2edc524f3c6e80d647a9a81bf81e17e3fb6f0",
                "sha256:a96e6e23f2b79433390273eaf8cc94fec9c6370842e577ab10dabdcc7ea0a66b",
                "sha256:aabdab8ec1e7ca7f1434d042bf8b1e92056245fb179790dc97ed040361f16bfd",
                "sha256:b222090c455d6d1a64e6b7bb5f4035c4dff479e22455c9eaa1bdd4c75b52c80c",
                "sha256:b52ff4f4e002f828ea6483faf4c4e8deea8d743cf801b74910243c58acc6eda3",
                "sha256:b70756ec9417c34e097f987b4d8c510975216ad26ba6e57ccb53bc758f490dab",
                "sha256:b8c2f6eb0df979ee99433d8b3f6d193d9590f735cf12274c108bd954e30ca858",
                "sha256:b9b752ab91e78234941e44abdecc07f1f0d8f51fb62941d32995b8161f68cfe5",
                "sha256:ba6612b6548220ff5e9df85261bddc811a057b0b465a1226b39bfb8550616aee",
                "sha256:bd752c5ff1b4a870b7661234694f24b1d2b9076b8bf337321a814c612665f343",
                "sha256:c3c4ed2ff6760e98d262e0cc9c9a7f7b8a9f61aa4d47c58835cdaf7b0b8811bb",
                "sha256:c5c1362c14aee73f50143d74389b2c158707b4abce2cb055b7ad37ce60738d47",
                "sha256:cb362e3b0976dc994857391b776ddaa8c13c28a16f80ac6522c23d5257156bed",
                "sha256:d197df5489004db87d90b918033edbeee0bd6df3848a204bca3ff0a903bef837",
                "sha256:d3b56206244dc8711f7e8b7d6cad4663917cd5b2d950799425076681e8766286",
                "sha256:d5b2f8a31bd43e0f18172d8ac82347c8f37ef3e0b414431157718aa234991b28",
                "sha256:d7081c084ceb58278dd3cf81f836bc818978c0ccc770cbbb202125ddabec6628",
                "sha256:db74f5562c09953b2c5f8ec4b7dfd3f5421f31811e97d1dbc0a7c93d6e3a24df",
                "sha256:df41112ccce5d47770a0c13651479fbcd8793f34232a2dd9faeccb75eb5d0d0d",
                "sha256:e1339790c083c5a4de48f688b4841f18df839eb3c9584a770cbd818b33e26d5d",
                "sha256:e621b0246192d3b9cb1dc62c78cfa4c6f6d2ddc0ec207d43c0dedecb914f152a",
                "sha256:e8c5cf126889a4de385c02a2c3d3aba4b00f70234bfddae82a5eaa3ee6d5e3e6",
                "sha256:e9d7747847c53a16a729b6ee5e737cf170f7a16611c143d95aa60a109a59c336",
                "sha256:eaef5d2de3c7e9b21f1e762f289d17b726c2239a42b11e25446abf82b26ac132",
                "sha256:ed3e4b4e1e6de75fdc16d3259098de7c6571b1a6cc863b1a49e7d3d53e036070",
                "sha256:ef21af928e807f10bf4141cad4746eee692a0dd3ff56cfb25fce076ec3cc8abe",
                "sha256:f09598b416ba39a8f489c124447b007fe865f786a89dbfa48bb5cf395693132a",
                "sha256:f0caf4a5dcf610d96c3bd32932bfac8aee61c96e60481c2a0ea58da435e25acd",
                "sha256:f6e78171be3fb7941f9910ea15b4b14ec27725865a73c15277bc39f5ca4f8391",
                "sha256:f715c32e774a60a337b2bb8ad9839b4abf75b267a0f18806f6f4f5f1688c4b5a",
                "sha256:fb5c1ad6bad98c57482236a21bf985ab0ef42bd51f7ad4e4538e89a997624e12"
            ],
            "markers": "python_version >= '3.7'",
            "version": "==9.4.0"
        },
        "requests": {
            "hashes": [
                "sha256:7c5599b102feddaa661c826c56ab4fee28bfd17f5abca1ebbe3e7f19d7c97983",
                "sha256:8fefa2a1a1365bf5520aac41836fbee479da67864514bdb821f31ce07ce65349"
            ],
            "markers": "python_version >= '3.7' and python_version < '4'",
            "version": "==2.28.1"
        },
        "torch": {
            "hashes": [
                "sha256:1c33942d411d4dee25e56755cfd09538f53a497a6f0453d54ce96a5ca341627b",
                "sha256:20d7c6e00804b6bea6f69b77240c4fcdf244cce2f6b1ff73beff7c0df6553d9d",
                "sha256:51d5870cdf05b6208b1c739fe0ba511b977eca37f9507829675596acc11b6ca4",
                "sha256:6d59b73bbd83eee53e7978925168fe068709e1344050fdabf4043695084b2ccc",
                "sha256:80a6b55915ac72c087ab85122289431fde5c5a4c85ca83a38c6d11a7ecbfdb35",
                "sha256:8cbfbb27f44fcc246d298f3812f3f7963622b4c1f2823670ae549416199f5ef7",
                "sha256:9338faa0a5a0eb625e17e39729f06fb0a574098d7ab88d856bbda4cb76a0b665",
                "sha256:c2493a30d0c5ff426fad3d60d9d535c24678b45cc4ce1cffca0f1044d408cb96",
                "sha256:db457a822d736013b6ffe509053001bc918bdd78fe68967b605f53984a9afac5"
            ],
            "index": "pytorch_cu116",
            "version": "==1.13.1+cu116"
        },
        "torchvision": {
            "hashes": [
                "sha256:0481f119c1ca5bf3704d0848161be956db04d26c01ffb95b3b3b08cbdfa301c2",
                "sha256:47593585e971c3e0c980fabfbfb885eb5ff054716baa555660c5b0304c9ea39d",
                "sha256:4985719c66c9612ff4bb2d3a53c3faafdd934152b2a87414d27bdc7874a4360f",
                "sha256:4b75cfe80d1e778f252fce94a7dd4ea35bc66a10efd53c4c63910ee95425face",
                "sha256:5debbbda105c5e0ce8d0b40718c435a88e61b2c2c64d3d0d80ca89e4e9b3f6c7",
                "sha256:a9fc38040e133d1779f131b4497caef830e9e699faf89cd323cd58794ffb305b",
                "sha256:fcb58d41bf95dd8b85d388fa1969d1dcad55eec055e317981d653a05c4ca6d8b",
                "sha256:fefa6bee4c3019723320c6e554e400d6781ccecce99c1772a165efd0696b3462"
            ],
            "index": "pytorch_cu116",
            "version": "==0.14.1+cu116"
        },
        "typing-extensions": {
            "hashes": [
                "sha256:1511434bb92bf8dd198c12b1cc812e800d4181cfcb867674e0f8279cc93087aa",
                "sha256:16fa4864408f655d35ec496218b85f79b3437c829e93320c7c9215ccfd92489e"
            ],
            "markers": "python_version >= '3.7'",
            "version": "==4.4.0"
        },
        "urllib3": {
            "hashes": [
                "sha256:47cc05d99aaa09c9e72ed5809b60e7ba354e64b59c9c173ac3018642d8bb41fc",
                "sha256:c083dd0dce68dbfbe1129d5271cb90f9447dea7d52097c6e0126120c521ddea8"
            ],
            "markers": "python_version >= '2.7' and python_version not in '3.0, 3.1, 3.2, 3.3, 3.4, 3.5'",
            "version": "==1.26.13"
        }
    }
}
